
Microsoft Visual Studio Solution File, Format Version 12.00
# Visual Studio Version 16
VisualStudioVersion = 16.0.29215.179
MinimumVisualStudioVersion = 10.0.40219.1
Project("{FAE04EC0-301F-11D3-BF4B-00C04F79EFBC}") = "LuckyDrawSoftware", "LuckyDrawSoftware\LuckyDrawSoftware.csproj", "{B5FF8317-0E72-441B-9F0B-09D14117E26A}"
EndProject
Project("{FAE04EC0-301F-11D3-BF4B-00C04F79EFBC}") = "LuckyDrawDao", "LuckyDrawDao\LuckyDrawDao.csproj", "{543FCBDA-4517-4E88-A43D-143092B777DA}"
EndProject
Project("{FAE04EC0-301F-11D3-BF4B-00C04F79EFBC}") = "LuckyDrawDomain", "LuckyDrawDomain\LuckyDrawDomain.csproj", "{56148D0C-1CD8-4A3C-8145-9AE2EAA35213}"
EndProject
Project("{FAE04EC0-301F-11D3-BF4B-00C04F79EFBC}") = "LuckyDrawUtil", "LuckyDrawUtil\LuckyDrawUtil.csproj", "{FD058130-775F-4FC5-8458-4B40B2231A8B}"
EndProject
Project("{FAE04EC0-301F-11D3-BF4B-00C04F79EFBC}") = "LuckyDrawService", "LuckyDrawService\LuckyDrawService.csproj", "{CCEDF56D-84F6-4479-A13E-F9C896DF1974}"
EndProject
Global
	GlobalSection(SolutionConfigurationPlatforms) = preSolution
		Debug|Any CPU = Debug|Any CPU
		Release|Any CPU = Release|Any CPU
	EndGlobalSection
	GlobalSection(ProjectConfigurationPlatforms) = postSolution
		{B5FF8317-0E72-441B-9F0B-09D14117E26A}.Debug|Any CPU.ActiveCfg = Debug|Any CPU
		{B5FF8317-0E72-441B-9F0B-09D14117E26A}.Debug|Any CPU.Build.0 = Debug|Any CPU
		{B5FF8317-0E72-441B-9F0B-09D14117E26A}.Release|Any CPU.ActiveCfg = Release|Any CPU
		{B5FF8317-0E72-441B-9F0B-09D14117E26A}.Release|Any CPU.Build.0 = Release|Any CPU
		{543FCBDA-4517-4E88-A43D-143092B777DA}.Debug|Any CPU.ActiveCfg = Debug|Any CPU
		{543FCBDA-4517-4E88-A43D-143092B777DA}.Debug|Any CPU.Build.0 = Debug|Any CPU
		{543FCBDA-4517-4E88-A43D-143092B777DA}.Release|Any CPU.ActiveCfg = Release|Any CPU
		{543FCBDA-4517-4E88-A43D-143092B777DA}.Release|Any CPU.Build.0 = Release|Any CPU
		{56148D0C-1CD8-4A3C-8145-9AE2EAA35213}.Debug|Any CPU.ActiveCfg = Debug|Any CPU
		{56148D0C-1CD8-4A3C-8145-9AE2EAA35213}.Debug|Any CPU.Build.0 = Debug|Any CPU
		{56148D0C-1CD8-4A3C-8145-9AE2EAA35213}.Release|Any CPU.ActiveCfg = Release|Any CPU
		{56148D0C-1CD8-4A3C-8145-9AE2EAA35213}.Release|Any CPU.Build.0 = Release|Any CPU
		{FD058130-775F-4FC5-8458-4B40B2231A8B}.Debug|Any CPU.ActiveCfg = Debug|Any CPU
		{FD058130-775F-4FC5-8458-4B40B2231A8B}.Debug|Any CPU.Build.0 = Debug|Any CPU
		{FD058130-775F-4FC5-8458-4B40B2231A8B}.Release|Any CPU.ActiveCfg = Release|Any CPU
		{FD058130-775F-4FC5-8458-4B40B2231A8B}.Release|Any CPU.Build.0 = Release|Any CPU
		{CCEDF56D-84F6-4479-A13E-F9C896DF1974}.Debug|Any CPU.ActiveCfg = Debug|Any CPU
		{CCEDF56D-84F6-4479-A13E-F9C896DF1974}.Debug|Any CPU.Build.0 = Debug|Any CPU
		{CCEDF56D-84F6-4479-A13E-F9C896DF1974}.Release|Any CPU.ActiveCfg = Release|Any CPU
		{CCEDF56D-84F6-4479-A13E-F9C896DF1974}.Release|Any CPU.Build.0 = Release|Any CPU
	EndGlobalSection
	GlobalSection(SolutionProperties) = preSolution
		HideSolutionNode = FALSE
	EndGlobalSection
	GlobalSection(ExtensibilityGlobals) = postSolution
		SolutionGuid = {FA41579F-EBB1-4DF9-911F-C71DF9622F5C}
	EndGlobalSection
EndGlobal
